
Microsoft Visual Studio Solution File, Format Version 12.00
# Visual Studio Version 17
VisualStudioVersion = 17.13.35825.156 d17.13
MinimumVisualStudioVersion = 10.0.40219.1
Project("{8BC9CEB8-8B4A-11D0-8D11-00A0C91BC942}") = "RaceLib", "RaceLib\RaceLib.vcxproj", "{9EB6A3A0-962A-4FDB-98B0-7CEDF31A27B0}"
EndProject
Project("{8BC9CEB8-8B4A-11D0-8D11-00A0C91BC942}") = "RaceConsole", "RaceConsole\RaceConsole.vcxproj", "{1B99EB00-A2AA-4CD4-B4B3-E1B4A6630644}"
EndProject
Global
	GlobalSection(SolutionConfigurationPlatforms) = preSolution
		Debug|x64 = Debug|x64
		Debug|x86 = Debug|x86
		Release|x64 = Release|x64
		Release|x86 = Release|x86
	EndGlobalSection
	GlobalSection(ProjectConfigurationPlatforms) = postSolution
		{9EB6A3A0-962A-4FDB-98B0-7CEDF31A27B0}.Debug|x64.ActiveCfg = Debug|x64
		{9EB6A3A0-962A-4FDB-98B0-7CEDF31A27B0}.Debug|x64.Build.0 = Debug|x64
		{9EB6A3A0-962A-4FDB-98B0-7CEDF31A27B0}.Debug|x86.ActiveCfg = Debug|Win32
		{9EB6A3A0-962A-4FDB-98B0-7CEDF31A27B0}.Debug|x86.Build.0 = Debug|Win32
		{9EB6A3A0-962A-4FDB-98B0-7CEDF31A27B0}.Release|x64.ActiveCfg = Release|x64
		{9EB6A3A0-962A-4FDB-98B0-7CEDF31A27B0}.Release|x64.Build.0 = Release|x64
		{9EB6A3A0-962A-4FDB-98B0-7CEDF31A27B0}.Release|x86.ActiveCfg = Release|Win32
		{9EB6A3A0-962A-4FDB-98B0-7CEDF31A27B0}.Release|x86.Build.0 = Release|Win32
		{1B99EB00-A2AA-4CD4-B4B3-E1B4A6630644}.Debug|x64.ActiveCfg = Debug|x64
		{1B99EB00-A2AA-4CD4-B4B3-E1B4A6630644}.Debug|x64.Build.0 = Debug|x64
		{1B99EB00-A2AA-4CD4-B4B3-E1B4A6630644}.Debug|x86.ActiveCfg = Debug|Win32
		{1B99EB00-A2AA-4CD4-B4B3-E1B4A6630644}.Debug|x86.Build.0 = Debug|Win32
		{1B99EB00-A2AA-4CD4-B4B3-E1B4A6630644}.Release|x64.ActiveCfg = Release|x64
		{1B99EB00-A2AA-4CD4-B4B3-E1B4A6630644}.Release|x64.Build.0 = Release|x64
		{1B99EB00-A2AA-4CD4-B4B3-E1B4A6630644}.Release|x86.ActiveCfg = Release|Win32
		{1B99EB00-A2AA-4CD4-B4B3-E1B4A6630644}.Release|x86.Build.0 = Release|Win32
	EndGlobalSection
	GlobalSection(SolutionProperties) = preSolution
		HideSolutionNode = FALSE
	EndGlobalSection
	GlobalSection(ExtensibilityGlobals) = postSolution
		SolutionGuid = {3657DDCB-1405-4D08-B765-5D8B2C435831}
	EndGlobalSection
EndGlobal
