
Microsoft Visual Studio Solution File, Format Version 12.00
# Visual Studio Version 17
VisualStudioVersion = 17.13.35825.156 d17.13
MinimumVisualStudioVersion = 10.0.40219.1
Project("{8BC9CEB8-8B4A-11D0-8D11-00A0C91BC942}") = "Задание 2", "Задание 2\Задание 2.vcxproj", "{094B3FF7-361D-4222-A0BA-79BE84D8AF69}"
EndProject
Global
	GlobalSection(SolutionConfigurationPlatforms) = preSolution
		Debug|x64 = Debug|x64
		Debug|x86 = Debug|x86
		Release|x64 = Release|x64
		Release|x86 = Release|x86
	EndGlobalSection
	GlobalSection(ProjectConfigurationPlatforms) = postSolution
		{094B3FF7-361D-4222-A0BA-79BE84D8AF69}.Debug|x64.ActiveCfg = Debug|x64
		{094B3FF7-361D-4222-A0BA-79BE84D8AF69}.Debug|x64.Build.0 = Debug|x64
		{094B3FF7-361D-4222-A0BA-79BE84D8AF69}.Debug|x86.ActiveCfg = Debug|Win32
		{094B3FF7-361D-4222-A0BA-79BE84D8AF69}.Debug|x86.Build.0 = Debug|Win32
		{094B3FF7-361D-4222-A0BA-79BE84D8AF69}.Release|x64.ActiveCfg = Release|x64
		{094B3FF7-361D-4222-A0BA-79BE84D8AF69}.Release|x64.Build.0 = Release|x64
		{094B3FF7-361D-4222-A0BA-79BE84D8AF69}.Release|x86.ActiveCfg = Release|Win32
		{094B3FF7-361D-4222-A0BA-79BE84D8AF69}.Release|x86.Build.0 = Release|Win32
	EndGlobalSection
	GlobalSection(SolutionProperties) = preSolution
		HideSolutionNode = FALSE
	EndGlobalSection
	GlobalSection(ExtensibilityGlobals) = postSolution
		SolutionGuid = {A1BBCE54-12C3-41CF-A208-F7BC87A43A2A}
	EndGlobalSection
EndGlobal
